
Microsoft Visual Studio Solution File, Format Version 12.00
# Visual Studio Version 16
VisualStudioVersion = 16.0.29123.88
MinimumVisualStudioVersion = 10.0.40219.1
Project("{FAE04EC0-301F-11D3-BF4B-00C04F79EFBC}") = "WFApp", "WFApp\WFApp.csproj", "{0EFC0B7C-17FE-48B4-9B92-60803A8ED2F6}"
EndProject
Project("{9A19103F-16F7-4668-BE54-9A1E7A4F7556}") = "WebAPP", "WebAPP\WebAPP.csproj", "{09718EB1-3928-4B91-8194-B54430DC759C}"
EndProject
Project("{9A19103F-16F7-4668-BE54-9A1E7A4F7556}") = "Singleton", "Singleton\Singleton.csproj", "{089D6B09-1990-4B58-9A24-56098F97A609}"
EndProject
Project("{9A19103F-16F7-4668-BE54-9A1E7A4F7556}") = "ConsApp", "ConsApp\ConsApp.csproj", "{56F03504-AC46-4A9E-9550-47CC4C141296}"
EndProject
Project("{9A19103F-16F7-4668-BE54-9A1E7A4F7556}") = "DapperExtensions", "DapperExtensions\DapperExtensions.csproj", "{ED8F8698-6033-4E26-B944-2B758F395B74}"
EndProject
Project("{9A19103F-16F7-4668-BE54-9A1E7A4F7556}") = "DapperCore", "DapperCore\DapperCore.csproj", "{0F38FE9A-4A77-4C2C-B0AD-109C4217D3C7}"
EndProject
Project("{9A19103F-16F7-4668-BE54-9A1E7A4F7556}") = "CPlatform", "CPlatform\CPlatform.csproj", "{C56B2EE3-6E72-4FDD-A500-6AD51941F9C1}"
EndProject
Project("{2150E333-8FDC-42A3-9474-1A3956D46DE8}") = "Clients", "Clients", "{899B2496-C215-4043-89D4-180C90306CF1}"
EndProject
Project("{2150E333-8FDC-42A3-9474-1A3956D46DE8}") = "Cores", "Cores", "{B12883BF-0E67-443C-B064-815A6A309BBB}"
EndProject
Project("{2150E333-8FDC-42A3-9474-1A3956D46DE8}") = "Commons", "Commons", "{07ED1D7F-DB73-4C21-A513-CE4734225C3B}"
EndProject
Project("{2150E333-8FDC-42A3-9474-1A3956D46DE8}") = "DesignPatterns", "DesignPatterns", "{192C799A-597D-4EEF-A940-976836B70070}"
EndProject
Project("{9A19103F-16F7-4668-BE54-9A1E7A4F7556}") = "WebApiExemple", "WebApiExemple\WebApiExemple.csproj", "{2F3CEE2A-BDD8-4DCF-A407-C2FB0291272B}"
EndProject
Project("{2150E333-8FDC-42A3-9474-1A3956D46DE8}") = "Services", "Services", "{DB3BB6F7-D0D9-4719-A1D3-CFFE971E6EA2}"
EndProject
Project("{9A19103F-16F7-4668-BE54-9A1E7A4F7556}") = "Demo.IApplication", "Demo.Entitys\Demo.IApplication.csproj", "{9FF0AD09-1AE2-4B7E-9028-7F2EBA5CB183}"
EndProject
Project("{9A19103F-16F7-4668-BE54-9A1E7A4F7556}") = "Demo.Application", "Demo.EntityMappers\Demo.Application.csproj", "{248B3345-5A5E-4652-8968-20D1D695969C}"
EndProject
Project("{9A19103F-16F7-4668-BE54-9A1E7A4F7556}") = "Demo.Domain", "Demo.Domain\Demo.Domain.csproj", "{64199060-4D2E-4079-A71B-01A9409756FD}"
EndProject
Project("{9A19103F-16F7-4668-BE54-9A1E7A4F7556}") = "Demo.Domain.Shared", "Demo.Domain.Shared\Demo.Domain.Shared.csproj", "{845F40C6-C9BB-4A15-A562-8CAC0D4354E3}"
EndProject
Project("{9A19103F-16F7-4668-BE54-9A1E7A4F7556}") = "OcelotApp", "OcelotApp\OcelotApp.csproj", "{DBE7893B-71E3-440A-8D73-A62196D84F80}"
EndProject
Project("{9A19103F-16F7-4668-BE54-9A1E7A4F7556}") = "OcelotOrderApi", "OcelotOrderApi\OcelotOrderApi.csproj", "{BC7CD44C-A054-4752-A00E-BF557992F365}"
EndProject
Project("{9A19103F-16F7-4668-BE54-9A1E7A4F7556}") = "OcelotGoodApi", "OcelotGoodApi\OcelotGoodApi.csproj", "{B55175C8-0FE7-4EA8-A9E5-E291A4AC5694}"
EndProject
Project("{9A19103F-16F7-4668-BE54-9A1E7A4F7556}") = "OcelotConsulApp", "OcelotConsulApp\OcelotConsulApp.csproj", "{A2BCBE3C-3796-4533-9759-A567B9CCD1E6}"
EndProject
Project("{9A19103F-16F7-4668-BE54-9A1E7A4F7556}") = "OcelotIdentityServer", "OcelotIdentityServer\OcelotIdentityServer.csproj", "{45414C8C-0106-403E-969E-B8B2522E9E81}"
EndProject
Project("{9A19103F-16F7-4668-BE54-9A1E7A4F7556}") = "RabbitMQApp", "RabbitMQApp\RabbitMQApp.csproj", "{60EE3AF3-53B1-4EDF-A477-F1863881744B}"
EndProject
Project("{2150E333-8FDC-42A3-9474-1A3956D46DE8}") = "RabbitMQ", "RabbitMQ", "{CAE2F7DE-F0E8-4AE9-B959-8BC75F5CCED8}"
EndProject
Project("{9A19103F-16F7-4668-BE54-9A1E7A4F7556}") = "RMQ.Messages", "RMQ.Messages\RMQ.Messages.csproj", "{555410B8-0AFC-4AB9-ABDB-D117BA235B4D}"
EndProject
Project("{9A19103F-16F7-4668-BE54-9A1E7A4F7556}") = "RMQ.Publisher", "RMQ.Publisher\RMQ.Publisher.csproj", "{6D14CFDD-512F-483A-8483-CBCA90FD8966}"
EndProject
Project("{9A19103F-16F7-4668-BE54-9A1E7A4F7556}") = "RMQ.Subscriber", "RMQ.Subscriber\RMQ.Subscriber.csproj", "{624E8A9B-ABF0-4E9E-BAA6-FB7868D84576}"
EndProject
Project("{9A19103F-16F7-4668-BE54-9A1E7A4F7556}") = "YQ.Publisher", "YQ.Publisher\YQ.Publisher.csproj", "{48EAAFB3-0BB4-4276-A9BC-C4CCD5124368}"
EndProject
Project("{9A19103F-16F7-4668-BE54-9A1E7A4F7556}") = "YQ.Subscriber", "YQ.Subscriber\YQ.Subscriber.csproj", "{88ACF25A-A966-4967-AA61-BC56D905256D}"
EndProject
Project("{2150E333-8FDC-42A3-9474-1A3956D46DE8}") = "Quartz.Net", "Quartz.Net", "{99398B0D-7F49-4D27-8859-EF38FA57E0F8}"
EndProject
Project("{9A19103F-16F7-4668-BE54-9A1E7A4F7556}") = "QuartzAPP", "QuartzAPP\QuartzAPP.csproj", "{81FE2617-0AF2-4F31-8031-7B1FE23A5092}"
EndProject
Project("{2150E333-8FDC-42A3-9474-1A3956D46DE8}") = "GRPC", "GRPC", "{D0A7AA2E-4AF3-4767-99EF-142646EB7DBC}"
EndProject
Project("{9A19103F-16F7-4668-BE54-9A1E7A4F7556}") = "GrpcService.Protocol", "GrpcService.Protocol\GrpcService.Protocol.csproj", "{560B645C-4C75-44D6-A827-E8981E4CCA8D}"
EndProject
Project("{FAE04EC0-301F-11D3-BF4B-00C04F79EFBC}") = "InstallGrpc", "InstallGrpc\InstallGrpc.csproj", "{39E068D8-71C1-4F97-86A3-A8C9BAE4E7BE}"
EndProject
Project("{2150E333-8FDC-42A3-9474-1A3956D46DE8}") = "EF", "EF", "{B7FE1143-F2C6-47AC-9BB2-0034E3FCB46A}"
EndProject
Project("{FAE04EC0-301F-11D3-BF4B-00C04F79EFBC}") = "TestDB", "TestDB\TestDB.csproj", "{5B84CD43-5292-46E8-B55F-693D7633A9D8}"
EndProject
Global
	GlobalSection(SolutionConfigurationPlatforms) = preSolution
		Debug|Any CPU = Debug|Any CPU
		Release|Any CPU = Release|Any CPU
	EndGlobalSection
	GlobalSection(ProjectConfigurationPlatforms) = postSolution
		{0EFC0B7C-17FE-48B4-9B92-60803A8ED2F6}.Debug|Any CPU.ActiveCfg = Debug|Any CPU
		{0EFC0B7C-17FE-48B4-9B92-60803A8ED2F6}.Debug|Any CPU.Build.0 = Debug|Any CPU
		{0EFC0B7C-17FE-48B4-9B92-60803A8ED2F6}.Release|Any CPU.ActiveCfg = Release|Any CPU
		{0EFC0B7C-17FE-48B4-9B92-60803A8ED2F6}.Release|Any CPU.Build.0 = Release|Any CPU
		{09718EB1-3928-4B91-8194-B54430DC759C}.Debug|Any CPU.ActiveCfg = Debug|Any CPU
		{09718EB1-3928-4B91-8194-B54430DC759C}.Debug|Any CPU.Build.0 = Debug|Any CPU
		{09718EB1-3928-4B91-8194-B54430DC759C}.Release|Any CPU.ActiveCfg = Release|Any CPU
		{09718EB1-3928-4B91-8194-B54430DC759C}.Release|Any CPU.Build.0 = Release|Any CPU
		{089D6B09-1990-4B58-9A24-56098F97A609}.Debug|Any CPU.ActiveCfg = Debug|Any CPU
		{089D6B09-1990-4B58-9A24-56098F97A609}.Debug|Any CPU.Build.0 = Debug|Any CPU
		{089D6B09-1990-4B58-9A24-56098F97A609}.Release|Any CPU.ActiveCfg = Release|Any CPU
		{089D6B09-1990-4B58-9A24-56098F97A609}.Release|Any CPU.Build.0 = Release|Any CPU
		{56F03504-AC46-4A9E-9550-47CC4C141296}.Debug|Any CPU.ActiveCfg = Debug|Any CPU
		{56F03504-AC46-4A9E-9550-47CC4C141296}.Debug|Any CPU.Build.0 = Debug|Any CPU
		{56F03504-AC46-4A9E-9550-47CC4C141296}.Release|Any CPU.ActiveCfg = Release|Any CPU
		{56F03504-AC46-4A9E-9550-47CC4C141296}.Release|Any CPU.Build.0 = Release|Any CPU
		{ED8F8698-6033-4E26-B944-2B758F395B74}.Debug|Any CPU.ActiveCfg = Debug|Any CPU
		{ED8F8698-6033-4E26-B944-2B758F395B74}.Debug|Any CPU.Build.0 = Debug|Any CPU
		{ED8F8698-6033-4E26-B944-2B758F395B74}.Release|Any CPU.ActiveCfg = Release|Any CPU
		{ED8F8698-6033-4E26-B944-2B758F395B74}.Release|Any CPU.Build.0 = Release|Any CPU
		{0F38FE9A-4A77-4C2C-B0AD-109C4217D3C7}.Debug|Any CPU.ActiveCfg = Debug|Any CPU
		{0F38FE9A-4A77-4C2C-B0AD-109C4217D3C7}.Debug|Any CPU.Build.0 = Debug|Any CPU
		{0F38FE9A-4A77-4C2C-B0AD-109C4217D3C7}.Release|Any CPU.ActiveCfg = Release|Any CPU
		{0F38FE9A-4A77-4C2C-B0AD-109C4217D3C7}.Release|Any CPU.Build.0 = Release|Any CPU
		{C56B2EE3-6E72-4FDD-A500-6AD51941F9C1}.Debug|Any CPU.ActiveCfg = Debug|Any CPU
		{C56B2EE3-6E72-4FDD-A500-6AD51941F9C1}.Debug|Any CPU.Build.0 = Debug|Any CPU
		{C56B2EE3-6E72-4FDD-A500-6AD51941F9C1}.Release|Any CPU.ActiveCfg = Release|Any CPU
		{C56B2EE3-6E72-4FDD-A500-6AD51941F9C1}.Release|Any CPU.Build.0 = Release|Any CPU
		{2F3CEE2A-BDD8-4DCF-A407-C2FB0291272B}.Debug|Any CPU.ActiveCfg = Debug|Any CPU
		{2F3CEE2A-BDD8-4DCF-A407-C2FB0291272B}.Debug|Any CPU.Build.0 = Debug|Any CPU
		{2F3CEE2A-BDD8-4DCF-A407-C2FB0291272B}.Release|Any CPU.ActiveCfg = Release|Any CPU
		{2F3CEE2A-BDD8-4DCF-A407-C2FB0291272B}.Release|Any CPU.Build.0 = Release|Any CPU
		{9FF0AD09-1AE2-4B7E-9028-7F2EBA5CB183}.Debug|Any CPU.ActiveCfg = Debug|Any CPU
		{9FF0AD09-1AE2-4B7E-9028-7F2EBA5CB183}.Debug|Any CPU.Build.0 = Debug|Any CPU
		{9FF0AD09-1AE2-4B7E-9028-7F2EBA5CB183}.Release|Any CPU.ActiveCfg = Release|Any CPU
		{9FF0AD09-1AE2-4B7E-9028-7F2EBA5CB183}.Release|Any CPU.Build.0 = Release|Any CPU
		{248B3345-5A5E-4652-8968-20D1D695969C}.Debug|Any CPU.ActiveCfg = Debug|Any CPU
		{248B3345-5A5E-4652-8968-20D1D695969C}.Debug|Any CPU.Build.0 = Debug|Any CPU
		{248B3345-5A5E-4652-8968-20D1D695969C}.Release|Any CPU.ActiveCfg = Release|Any CPU
		{248B3345-5A5E-4652-8968-20D1D695969C}.Release|Any CPU.Build.0 = Release|Any CPU
		{64199060-4D2E-4079-A71B-01A9409756FD}.Debug|Any CPU.ActiveCfg = Debug|Any CPU
		{64199060-4D2E-4079-A71B-01A9409756FD}.Debug|Any CPU.Build.0 = Debug|Any CPU
		{64199060-4D2E-4079-A71B-01A9409756FD}.Release|Any CPU.ActiveCfg = Release|Any CPU
		{64199060-4D2E-4079-A71B-01A9409756FD}.Release|Any CPU.Build.0 = Release|Any CPU
		{845F40C6-C9BB-4A15-A562-8CAC0D4354E3}.Debug|Any CPU.ActiveCfg = Debug|Any CPU
		{845F40C6-C9BB-4A15-A562-8CAC0D4354E3}.Debug|Any CPU.Build.0 = Debug|Any CPU
		{845F40C6-C9BB-4A15-A562-8CAC0D4354E3}.Release|Any CPU.ActiveCfg = Release|Any CPU
		{845F40C6-C9BB-4A15-A562-8CAC0D4354E3}.Release|Any CPU.Build.0 = Release|Any CPU
		{DBE7893B-71E3-440A-8D73-A62196D84F80}.Debug|Any CPU.ActiveCfg = Debug|Any CPU
		{DBE7893B-71E3-440A-8D73-A62196D84F80}.Debug|Any CPU.Build.0 = Debug|Any CPU
		{DBE7893B-71E3-440A-8D73-A62196D84F80}.Release|Any CPU.ActiveCfg = Release|Any CPU
		{DBE7893B-71E3-440A-8D73-A62196D84F80}.Release|Any CPU.Build.0 = Release|Any CPU
		{BC7CD44C-A054-4752-A00E-BF557992F365}.Debug|Any CPU.ActiveCfg = Debug|Any CPU
		{BC7CD44C-A054-4752-A00E-BF557992F365}.Debug|Any CPU.Build.0 = Debug|Any CPU
		{BC7CD44C-A054-4752-A00E-BF557992F365}.Release|Any CPU.ActiveCfg = Release|Any CPU
		{BC7CD44C-A054-4752-A00E-BF557992F365}.Release|Any CPU.Build.0 = Release|Any CPU
		{B55175C8-0FE7-4EA8-A9E5-E291A4AC5694}.Debug|Any CPU.ActiveCfg = Debug|Any CPU
		{B55175C8-0FE7-4EA8-A9E5-E291A4AC5694}.Debug|Any CPU.Build.0 = Debug|Any CPU
		{B55175C8-0FE7-4EA8-A9E5-E291A4AC5694}.Release|Any CPU.ActiveCfg = Release|Any CPU
		{B55175C8-0FE7-4EA8-A9E5-E291A4AC5694}.Release|Any CPU.Build.0 = Release|Any CPU
		{A2BCBE3C-3796-4533-9759-A567B9CCD1E6}.Debug|Any CPU.ActiveCfg = Debug|Any CPU
		{A2BCBE3C-3796-4533-9759-A567B9CCD1E6}.Debug|Any CPU.Build.0 = Debug|Any CPU
		{A2BCBE3C-3796-4533-9759-A567B9CCD1E6}.Release|Any CPU.ActiveCfg = Release|Any CPU
		{A2BCBE3C-3796-4533-9759-A567B9CCD1E6}.Release|Any CPU.Build.0 = Release|Any CPU
		{45414C8C-0106-403E-969E-B8B2522E9E81}.Debug|Any CPU.ActiveCfg = Debug|Any CPU
		{45414C8C-0106-403E-969E-B8B2522E9E81}.Debug|Any CPU.Build.0 = Debug|Any CPU
		{45414C8C-0106-403E-969E-B8B2522E9E81}.Release|Any CPU.ActiveCfg = Release|Any CPU
		{45414C8C-0106-403E-969E-B8B2522E9E81}.Release|Any CPU.Build.0 = Release|Any CPU
		{60EE3AF3-53B1-4EDF-A477-F1863881744B}.Debug|Any CPU.ActiveCfg = Debug|Any CPU
		{60EE3AF3-53B1-4EDF-A477-F1863881744B}.Debug|Any CPU.Build.0 = Debug|Any CPU
		{60EE3AF3-53B1-4EDF-A477-F1863881744B}.Release|Any CPU.ActiveCfg = Release|Any CPU
		{60EE3AF3-53B1-4EDF-A477-F1863881744B}.Release|Any CPU.Build.0 = Release|Any CPU
		{555410B8-0AFC-4AB9-ABDB-D117BA235B4D}.Debug|Any CPU.ActiveCfg = Debug|Any CPU
		{555410B8-0AFC-4AB9-ABDB-D117BA235B4D}.Debug|Any CPU.Build.0 = Debug|Any CPU
		{555410B8-0AFC-4AB9-ABDB-D117BA235B4D}.Release|Any CPU.ActiveCfg = Release|Any CPU
		{555410B8-0AFC-4AB9-ABDB-D117BA235B4D}.Release|Any CPU.Build.0 = Release|Any CPU
		{6D14CFDD-512F-483A-8483-CBCA90FD8966}.Debug|Any CPU.ActiveCfg = Debug|Any CPU
		{6D14CFDD-512F-483A-8483-CBCA90FD8966}.Debug|Any CPU.Build.0 = Debug|Any CPU
		{6D14CFDD-512F-483A-8483-CBCA90FD8966}.Release|Any CPU.ActiveCfg = Release|Any CPU
		{6D14CFDD-512F-483A-8483-CBCA90FD8966}.Release|Any CPU.Build.0 = Release|Any CPU
		{624E8A9B-ABF0-4E9E-BAA6-FB7868D84576}.Debug|Any CPU.ActiveCfg = Debug|Any CPU
		{624E8A9B-ABF0-4E9E-BAA6-FB7868D84576}.Debug|Any CPU.Build.0 = Debug|Any CPU
		{624E8A9B-ABF0-4E9E-BAA6-FB7868D84576}.Release|Any CPU.ActiveCfg = Release|Any CPU
		{624E8A9B-ABF0-4E9E-BAA6-FB7868D84576}.Release|Any CPU.Build.0 = Release|Any CPU
		{48EAAFB3-0BB4-4276-A9BC-C4CCD5124368}.Debug|Any CPU.ActiveCfg = Debug|Any CPU
		{48EAAFB3-0BB4-4276-A9BC-C4CCD5124368}.Debug|Any CPU.Build.0 = Debug|Any CPU
		{48EAAFB3-0BB4-4276-A9BC-C4CCD5124368}.Release|Any CPU.ActiveCfg = Release|Any CPU
		{48EAAFB3-0BB4-4276-A9BC-C4CCD5124368}.Release|Any CPU.Build.0 = Release|Any CPU
		{88ACF25A-A966-4967-AA61-BC56D905256D}.Debug|Any CPU.ActiveCfg = Debug|Any CPU
		{88ACF25A-A966-4967-AA61-BC56D905256D}.Debug|Any CPU.Build.0 = Debug|Any CPU
		{88ACF25A-A966-4967-AA61-BC56D905256D}.Release|Any CPU.ActiveCfg = Release|Any CPU
		{88ACF25A-A966-4967-AA61-BC56D905256D}.Release|Any CPU.Build.0 = Release|Any CPU
		{81FE2617-0AF2-4F31-8031-7B1FE23A5092}.Debug|Any CPU.ActiveCfg = Debug|Any CPU
		{81FE2617-0AF2-4F31-8031-7B1FE23A5092}.Debug|Any CPU.Build.0 = Debug|Any CPU
		{81FE2617-0AF2-4F31-8031-7B1FE23A5092}.Release|Any CPU.ActiveCfg = Release|Any CPU
		{81FE2617-0AF2-4F31-8031-7B1FE23A5092}.Release|Any CPU.Build.0 = Release|Any CPU
		{560B645C-4C75-44D6-A827-E8981E4CCA8D}.Debug|Any CPU.ActiveCfg = Debug|Any CPU
		{560B645C-4C75-44D6-A827-E8981E4CCA8D}.Debug|Any CPU.Build.0 = Debug|Any CPU
		{560B645C-4C75-44D6-A827-E8981E4CCA8D}.Release|Any CPU.ActiveCfg = Release|Any CPU
		{560B645C-4C75-44D6-A827-E8981E4CCA8D}.Release|Any CPU.Build.0 = Release|Any CPU
		{39E068D8-71C1-4F97-86A3-A8C9BAE4E7BE}.Debug|Any CPU.ActiveCfg = Debug|Any CPU
		{39E068D8-71C1-4F97-86A3-A8C9BAE4E7BE}.Debug|Any CPU.Build.0 = Debug|Any CPU
		{39E068D8-71C1-4F97-86A3-A8C9BAE4E7BE}.Release|Any CPU.ActiveCfg = Release|Any CPU
		{39E068D8-71C1-4F97-86A3-A8C9BAE4E7BE}.Release|Any CPU.Build.0 = Release|Any CPU
		{5B84CD43-5292-46E8-B55F-693D7633A9D8}.Debug|Any CPU.ActiveCfg = Debug|Any CPU
		{5B84CD43-5292-46E8-B55F-693D7633A9D8}.Debug|Any CPU.Build.0 = Debug|Any CPU
		{5B84CD43-5292-46E8-B55F-693D7633A9D8}.Release|Any CPU.ActiveCfg = Release|Any CPU
		{5B84CD43-5292-46E8-B55F-693D7633A9D8}.Release|Any CPU.Build.0 = Release|Any CPU
	EndGlobalSection
	GlobalSection(SolutionProperties) = preSolution
		HideSolutionNode = FALSE
	EndGlobalSection
	GlobalSection(NestedProjects) = preSolution
		{0EFC0B7C-17FE-48B4-9B92-60803A8ED2F6} = {899B2496-C215-4043-89D4-180C90306CF1}
		{09718EB1-3928-4B91-8194-B54430DC759C} = {899B2496-C215-4043-89D4-180C90306CF1}
		{089D6B09-1990-4B58-9A24-56098F97A609} = {192C799A-597D-4EEF-A940-976836B70070}
		{56F03504-AC46-4A9E-9550-47CC4C141296} = {899B2496-C215-4043-89D4-180C90306CF1}
		{ED8F8698-6033-4E26-B944-2B758F395B74} = {B12883BF-0E67-443C-B064-815A6A309BBB}
		{0F38FE9A-4A77-4C2C-B0AD-109C4217D3C7} = {B12883BF-0E67-443C-B064-815A6A309BBB}
		{C56B2EE3-6E72-4FDD-A500-6AD51941F9C1} = {07ED1D7F-DB73-4C21-A513-CE4734225C3B}
		{2F3CEE2A-BDD8-4DCF-A407-C2FB0291272B} = {899B2496-C215-4043-89D4-180C90306CF1}
		{9FF0AD09-1AE2-4B7E-9028-7F2EBA5CB183} = {DB3BB6F7-D0D9-4719-A1D3-CFFE971E6EA2}
		{248B3345-5A5E-4652-8968-20D1D695969C} = {DB3BB6F7-D0D9-4719-A1D3-CFFE971E6EA2}
		{64199060-4D2E-4079-A71B-01A9409756FD} = {DB3BB6F7-D0D9-4719-A1D3-CFFE971E6EA2}
		{845F40C6-C9BB-4A15-A562-8CAC0D4354E3} = {DB3BB6F7-D0D9-4719-A1D3-CFFE971E6EA2}
		{DBE7893B-71E3-440A-8D73-A62196D84F80} = {899B2496-C215-4043-89D4-180C90306CF1}
		{BC7CD44C-A054-4752-A00E-BF557992F365} = {899B2496-C215-4043-89D4-180C90306CF1}
		{B55175C8-0FE7-4EA8-A9E5-E291A4AC5694} = {899B2496-C215-4043-89D4-180C90306CF1}
		{A2BCBE3C-3796-4533-9759-A567B9CCD1E6} = {899B2496-C215-4043-89D4-180C90306CF1}
		{45414C8C-0106-403E-969E-B8B2522E9E81} = {899B2496-C215-4043-89D4-180C90306CF1}
		{60EE3AF3-53B1-4EDF-A477-F1863881744B} = {899B2496-C215-4043-89D4-180C90306CF1}
		{CAE2F7DE-F0E8-4AE9-B959-8BC75F5CCED8} = {899B2496-C215-4043-89D4-180C90306CF1}
		{555410B8-0AFC-4AB9-ABDB-D117BA235B4D} = {CAE2F7DE-F0E8-4AE9-B959-8BC75F5CCED8}
		{6D14CFDD-512F-483A-8483-CBCA90FD8966} = {CAE2F7DE-F0E8-4AE9-B959-8BC75F5CCED8}
		{624E8A9B-ABF0-4E9E-BAA6-FB7868D84576} = {CAE2F7DE-F0E8-4AE9-B959-8BC75F5CCED8}
		{48EAAFB3-0BB4-4276-A9BC-C4CCD5124368} = {CAE2F7DE-F0E8-4AE9-B959-8BC75F5CCED8}
		{88ACF25A-A966-4967-AA61-BC56D905256D} = {CAE2F7DE-F0E8-4AE9-B959-8BC75F5CCED8}
		{99398B0D-7F49-4D27-8859-EF38FA57E0F8} = {899B2496-C215-4043-89D4-180C90306CF1}
		{81FE2617-0AF2-4F31-8031-7B1FE23A5092} = {99398B0D-7F49-4D27-8859-EF38FA57E0F8}
		{D0A7AA2E-4AF3-4767-99EF-142646EB7DBC} = {899B2496-C215-4043-89D4-180C90306CF1}
		{560B645C-4C75-44D6-A827-E8981E4CCA8D} = {D0A7AA2E-4AF3-4767-99EF-142646EB7DBC}
		{39E068D8-71C1-4F97-86A3-A8C9BAE4E7BE} = {D0A7AA2E-4AF3-4767-99EF-142646EB7DBC}
		{B7FE1143-F2C6-47AC-9BB2-0034E3FCB46A} = {899B2496-C215-4043-89D4-180C90306CF1}
		{5B84CD43-5292-46E8-B55F-693D7633A9D8} = {B7FE1143-F2C6-47AC-9BB2-0034E3FCB46A}
	EndGlobalSection
	GlobalSection(ExtensibilityGlobals) = postSolution
		SolutionGuid = {0DFFC5F3-65EA-4FDA-A864-563317955D78}
	EndGlobalSection
EndGlobal
